PODS:
  - CCPAppInfo (1.0.1)
  - CCPLog (0.0.1):
    - CCPAppInfo
    - SwiftyJSON
  - SwiftyJSON (5.0.0)

DEPENDENCIES:
  - CCPLog

SPEC REPOS:
  https://github.com/cocoapods/specs.git:
    - CCPAppInfo
    - CCPLog
    - SwiftyJSON

SPEC CHECKSUMS:
  CCPAppInfo: 66342399569dde6ac6f16effe6dec19c443379d5
  CCPLog: 37fc98ae1bc4452c95272cf33516b660fa8613ce
  SwiftyJSON: 36413e04c44ee145039d332b4f4e2d3e8d6c4db7

PODFILE CHECKSUM: fc0b3ab0bbae2ef919d3606a06b75a29bfa40c68

COCOAPODS: 1.6.1
